
Microsoft Visual Studio Solution File, Format Version 12.00
# Visual Studio Version 16
VisualStudioVersion = 16.0.29613.14
MinimumVisualStudioVersion = 10.0.40219.1
Project("{FAE04EC0-301F-11D3-BF4B-00C04F79EFBC}") = "ConsoleApp1", "ConsoleApp1\ConsoleApp1.csproj", "{67ABDFA0-E180-46CA-BE68-3E8D94E8522E}"
EndProject
Global
	GlobalSection(SolutionConfigurationPlatforms) = preSolution
		Debug|Any CPU = Debug|Any CPU
		Release|Any CPU = Release|Any CPU
	EndGlobalSection
	GlobalSection(ProjectConfigurationPlatforms) = postSolution
		{67ABDFA0-E180-46CA-BE68-3E8D94E8522E}.Debug|Any CPU.ActiveCfg = Debug|Any CPU
		{67ABDFA0-E180-46CA-BE68-3E8D94E8522E}.Debug|Any CPU.Build.0 = Debug|Any CPU
		{67ABDFA0-E180-46CA-BE68-3E8D94E8522E}.Release|Any CPU.ActiveCfg = Release|Any CPU
		{67ABDFA0-E180-46CA-BE68-3E8D94E8522E}.Release|Any CPU.Build.0 = Release|Any CPU
	EndGlobalSection
	GlobalSection(SolutionProperties) = preSolution
		HideSolutionNode = FALSE
	EndGlobalSection
	GlobalSection(ExtensibilityGlobals) = postSolution
		SolutionGuid = {ABECFBDA-4EBA-4A1B-8B4A-85DF4DE59D34}
	EndGlobalSection
EndGlobal
